PODS:
  - Alamofire (4.7.0)
  - HGCircularSlider (2.0.0)
  - SwiftGen (5.3.0)
  - SwiftIcons (2.0.1)

DEPENDENCIES:
  - Alamofire
  - HGCircularSlider
  - SwiftGen
  - SwiftIcons

SPEC CHECKSUMS:
  Alamofire: 907e0a98eb68cdb7f9d1f541a563d6ac5dc77b25
  HGCircularSlider: 92e2ee098c814709f455b8f46cd9008147f6a869
  SwiftGen: 4379bd3640b0a212a0f6ea3c494adba385513d10
  SwiftIcons: e475a56ae2c2da40672dbf16061ca5dd5cee7dbb

PODFILE CHECKSUM: 1a3ba5c1dddfb174961d5d15cef565f8f76eef92

COCOAPODS: 1.4.0
